
Microsoft Visual Studio Solution File, Format Version 12.00
# Visual Studio 15
VisualStudioVersion = 15.0.28307.421
MinimumVisualStudioVersion = 10.0.40219.1
Project("{FAE04EC0-301F-11D3-BF4B-00C04F79EFBC}") = "HomeWork3", "HomeWork3\HomeWork3.csproj", "{AA497126-1C49-47EB-AE78-0034A92A8FEF}"
EndProject
Global
	GlobalSection(SolutionConfigurationPlatforms) = preSolution
		Debug|Any CPU = Debug|Any CPU
		Release|Any CPU = Release|Any CPU
	EndGlobalSection
	GlobalSection(ProjectConfigurationPlatforms) = postSolution
		{AA497126-1C49-47EB-AE78-0034A92A8FEF}.Debug|Any CPU.ActiveCfg = Debug|Any CPU
		{AA497126-1C49-47EB-AE78-0034A92A8FEF}.Debug|Any CPU.Build.0 = Debug|Any CPU
		{AA497126-1C49-47EB-AE78-0034A92A8FEF}.Release|Any CPU.ActiveCfg = Release|Any CPU
		{AA497126-1C49-47EB-AE78-0034A92A8FEF}.Release|Any CPU.Build.0 = Release|Any CPU
	EndGlobalSection
	GlobalSection(SolutionProperties) = preSolution
		HideSolutionNode = FALSE
	EndGlobalSection
	GlobalSection(ExtensibilityGlobals) = postSolution
		SolutionGuid = {EA99D89C-30E2-4626-86CF-7127F108C758}
	EndGlobalSection
EndGlobal
